// !$*UTF8*$!
{
	archiveVersion = 1;
	classes = {
	};
	objectVersion = 50;
	objects = {

/* Begin PBXBuildFile section */
		262F786D243C7A45004D96F7 /* MethodViewController.m in Sources */ = {isa = PBXBuildFile; fileRef = 262F786C243C7A45004D96F7 /* MethodViewController.m */; };
		262F7874243D57C8004D96F7 /* TestObj.mm in Sources */ = {isa = PBXBuildFile; fileRef = 262F7873243D57C8004D96F7 /* TestObj.mm */; };
		262F7887243F152A004D96F7 /* TestBlock.m in Sources */ = {isa = PBXBuildFile; fileRef = 262F7886243F152A004D96F7 /* TestBlock.m */; };
		2678968B2415CA8800755972 /* MissionClassDispatch.swift in Sources */ = {isa = PBXBuildFile; fileRef = 2678968A2415CA8800755972 /* MissionClassDispatch.swift */; };
		26806822240DDCF900A64D66 /* DebugText.m in Sources */ = {isa = PBXBuildFile; fileRef = 26806820240DDCF900A64D66 /* DebugText.m */; };
		26806825240DDD0B00A64D66 /* DebugView.m in Sources */ = {isa = PBXBuildFile; fileRef = 26806824240DDD0B00A64D66 /* DebugView.m */; };
		26806828240DF5ED00A64D66 /* dispatch.plist in Resources */ = {isa = PBXBuildFile; fileRef = 26806827240DF5ED00A64D66 /* dispatch.plist */; };
		2680682B240DFAA300A64D66 /* ConsumingTimes.m in Sources */ = {isa = PBXBuildFile; fileRef = 2680682A240DFAA300A64D66 /* ConsumingTimes.m */; };
		26806830240F98D300A64D66 /* MissionClassDispatch.mm in Sources */ = {isa = PBXBuildFile; fileRef = 2680682E240F98D300A64D66 /* MissionClassDispatch.mm */; };
		26806833240F991A00A64D66 /* MissionClassDispatchBug.mm in Sources */ = {isa = PBXBuildFile; fileRef = 26806832240F991A00A64D66 /* MissionClassDispatchBug.mm */; };
		26BCA72824458F22000956B3 /* ClientListViewController.m in Sources */ = {isa = PBXBuildFile; fileRef = 26BCA72724458F22000956B3 /* ClientListViewController.m */; };
		26BF35342441BD3D00098A86 /* ClientManager.m in Sources */ = {isa = PBXBuildFile; fileRef = 26BF35332441BD3D00098A86 /* ClientManager.m */; };
		26BF35382441BDBB00098A86 /* ClientViewController.m in Sources */ = {isa = PBXBuildFile; fileRef = 26BF35362441BDBB00098A86 /* ClientViewController.m */; };
		26BF35392441BDBB00098A86 /* ClientViewController.xib in Resources */ = {isa = PBXBuildFile; fileRef = 26BF35372441BDBB00098A86 /* ClientViewController.xib */; };
		7C1C06C6240D3A9D00D1AEDC /* AppDelegate.m in Sources */ = {isa = PBXBuildFile; fileRef = 7C1C06C5240D3A9D00D1AEDC /* AppDelegate.m */; };
		7C1C06C9240D3A9D00D1AEDC /* ViewController.m in Sources */ = {isa = PBXBuildFile; fileRef = 7C1C06C8240D3A9D00D1AEDC /* ViewController.m */; };
		7C1C06CE240D3A9E00D1AEDC /* Assets.xcassets in Resources */ = {isa = PBXBuildFile; fileRef = 7C1C06CD240D3A9E00D1AEDC /* Assets.xcassets */; };
		7C1C06D1240D3A9E00D1AEDC /* LaunchScreen.storyboard in Resources */ = {isa = PBXBuildFile; fileRef = 7C1C06CF240D3A9E00D1AEDC /* LaunchScreen.storyboard */; };
		7C1C06D4240D3A9E00D1AEDC /* main.m in Sources */ = {isa = PBXBuildFile; fileRef = 7C1C06D3240D3A9E00D1AEDC /* main.m */; };
		7C1C06DE240D3C6D00D1AEDC /* ClassRoute.m in Sources */ = {isa = PBXBuildFile; fileRef = 7C1C06DD240D3C6D00D1AEDC /* ClassRoute.m */; };
/* End PBXBuildFile section */

/* Begin PBXFileReference section */
		262F786B243C7A45004D96F7 /* MethodViewController.h */ = {isa = PBXFileReference; lastKnownFileType = sourcecode.c.h; path = MethodViewController.h; sourceTree = "<group>"; };
		262F786C243C7A45004D96F7 /* MethodViewController.m */ = {isa = PBXFileReference; lastKnownFileType = sourcecode.c.objc; path = MethodViewController.m; sourceTree = "<group>"; };
		262F7872243D57C8004D96F7 /* TestObj.h */ = {isa = PBXFileReference; lastKnownFileType = sourcecode.c.h; path = TestObj.h; sourceTree = "<group>"; };
		262F7873243D57C8004D96F7 /* TestObj.mm */ = {isa = PBXFileReference; lastKnownFileType = sourcecode.cpp.objcpp; path = TestObj.mm; sourceTree = "<group>"; };
		262F7875243D5818004D96F7 /* TestObj.cpp */ = {isa = PBXFileReference; lastKnownFileType = sourcecode.cpp.cpp; path = TestObj.cpp; sourceTree = "<group>"; };
		262F7876243D5A57004D96F7 /* TestObj1.cpp */ = {isa = PBXFileReference; lastKnownFileType = sourcecode.cpp.cpp; path = TestObj1.cpp; sourceTree = "<group>"; };
		262F7877243D5AF2004D96F7 /* TestObj2.cpp */ = {isa = PBXFileReference; lastKnownFileType = sourcecode.cpp.cpp; path = TestObj2.cpp; sourceTree = "<group>"; };
		262F7878243D6EFF004D96F7 /* TestObj3.cpp */ = {isa = PBXFileReference; lastKnownFileType = sourcecode.cpp.cpp; path = TestObj3.cpp; sourceTree = "<group>"; };
		262F7879243D6F92004D96F7 /* TestObj4.cpp */ = {isa = PBXFileReference; lastKnownFileType = sourcecode.cpp.cpp; path = TestObj4.cpp; sourceTree = "<group>"; };
		262F7882243EC85B004D96F7 /* TestObj.mii */ = {isa = PBXFileReference; lastKnownFileType = sourcecode.cpp.objcpp.preprocessed; path = TestObj.mii; sourceTree = "<group>"; };
		262F7885243F152A004D96F7 /* TestBlock.h */ = {isa = PBXFileReference; lastKnownFileType = sourcecode.c.h; path = TestBlock.h; sourceTree = "<group>"; };
		262F7886243F152A004D96F7 /* TestBlock.m */ = {isa = PBXFileReference; lastKnownFileType = sourcecode.c.objc; path = TestBlock.m; sourceTree = "<group>"; };
		262F788E243F1EC6004D96F7 /* TestBlock.cpp */ = {isa = PBXFileReference; lastKnownFileType = sourcecode.cpp.cpp; path = TestBlock.cpp; sourceTree = "<group>"; };
		2678968A2415CA8800755972 /* MissionClassDispatch.swift */ = {isa = PBXFileReference; lastKnownFileType = sourcecode.swift; path = MissionClassDispatch.swift; sourceTree = "<group>"; };
		2678968C2415CAB900755972 /* MissionClass-Bridging-Header.h */ = {isa = PBXFileReference; lastKnownFileType = sourcecode.c.h; path = "MissionClass-Bridging-Header.h"; sourceTree = "<group>"; };
		26806820240DDCF900A64D66 /* DebugText.m */ = {isa = PBXFileReference; fileEncoding = 4; lastKnownFileType = sourcecode.c.objc; path = DebugText.m; sourceTree = "<group>"; };
		26806821240DDCF900A64D66 /* DebugText.h */ = {isa = PBXFileReference; fileEncoding = 4; lastKnownFileType = sourcecode.c.h; path = DebugText.h; sourceTree = "<group>"; };
		26806823240DDD0B00A64D66 /* DebugView.h */ = {isa = PBXFileReference; lastKnownFileType = sourcecode.c.h; path = DebugView.h; sourceTree = "<group>"; };
		26806824240DDD0B00A64D66 /* DebugView.m */ = {isa = PBXFileReference; lastKnownFileType = sourcecode.c.objc; path = DebugView.m; sourceTree = "<group>"; };
		26806827240DF5ED00A64D66 /* dispatch.plist */ = {isa = PBXFileReference; lastKnownFileType = text.plist.xml; path = dispatch.plist; sourceTree = "<group>"; };
		26806829240DFAA300A64D66 /* ConsumingTimes.h */ = {isa = PBXFileReference; lastKnownFileType = sourcecode.c.h; path = ConsumingTimes.h; sourceTree = "<group>"; };
		2680682A240DFAA300A64D66 /* ConsumingTimes.m */ = {isa = PBXFileReference; lastKnownFileType = sourcecode.c.objc; path = ConsumingTimes.m; sourceTree = "<group>"; };
		2680682E240F98D300A64D66 /* MissionClassDispatch.mm */ = {isa = PBXFileReference; fileEncoding = 4; lastKnownFileType = sourcecode.cpp.objcpp; path = MissionClassDispatch.mm; sourceTree = "<group>"; };
		2680682F240F98D300A64D66 /* MissionClassDispatch.h */ = {isa = PBXFileReference; fileEncoding = 4; lastKnownFileType = sourcecode.c.h; path = MissionClassDispatch.h; sourceTree = "<group>"; };
		26806831240F991A00A64D66 /* MissionClassDispatchBug.h */ = {isa = PBXFileReference; fileEncoding = 4; lastKnownFileType = sourcecode.c.h; path = MissionClassDispatchBug.h; sourceTree = "<group>"; };
		26806832240F991A00A64D66 /* MissionClassDispatchBug.mm */ = {isa = PBXFileReference; fileEncoding = 4; lastKnownFileType = sourcecode.cpp.objcpp; path = MissionClassDispatchBug.mm; sourceTree = "<group>"; };
		26BCA72624458F22000956B3 /* ClientListViewController.h */ = {isa = PBXFileReference; lastKnownFileType = sourcecode.c.h; path = ClientListViewController.h; sourceTree = "<group>"; };
		26BCA72724458F22000956B3 /* ClientListViewController.m */ = {isa = PBXFileReference; lastKnownFileType = sourcecode.c.objc; path = ClientListViewController.m; sourceTree = "<group>"; };
		26BF35322441BD3D00098A86 /* ClientManager.h */ = {isa = PBXFileReference; lastKnownFileType = sourcecode.c.h; path = ClientManager.h; sourceTree = "<group>"; };
		26BF35332441BD3D00098A86 /* ClientManager.m */ = {isa = PBXFileReference; lastKnownFileType = sourcecode.c.objc; path = ClientManager.m; sourceTree = "<group>"; };
		26BF35352441BDBB00098A86 /* ClientViewController.h */ = {isa = PBXFileReference; lastKnownFileType = sourcecode.c.h; path = ClientViewController.h; sourceTree = "<group>"; };
		26BF35362441BDBB00098A86 /* ClientViewController.m */ = {isa = PBXFileReference; lastKnownFileType = sourcecode.c.objc; path = ClientViewController.m; sourceTree = "<group>"; };
		26BF35372441BDBB00098A86 /* ClientViewController.xib */ = {isa = PBXFileReference; lastKnownFileType = file.xib; path = ClientViewController.xib; sourceTree = "<group>"; };
		7C1C06C1240D3A9D00D1AEDC /* MissionClass.app */ = {isa = PBXFileReference; explicitFileType = wrapper.application; includeInIndex = 0; path = MissionClass.app; sourceTree = BUILT_PRODUCTS_DIR; };
		7C1C06C4240D3A9D00D1AEDC /* AppDelegate.h */ = {isa = PBXFileReference; lastKnownFileType = sourcecode.c.h; path = AppDelegate.h; sourceTree = "<group>"; };
		7C1C06C5240D3A9D00D1AEDC /* AppDelegate.m */ = {isa = PBXFileReference; lastKnownFileType = sourcecode.c.objc; path = AppDelegate.m; sourceTree = "<group>"; };
		7C1C06C7240D3A9D00D1AEDC /* ViewController.h */ = {isa = PBXFileReference; lastKnownFileType = sourcecode.c.h; path = ViewController.h; sourceTree = "<group>"; };
		7C1C06C8240D3A9D00D1AEDC /* ViewController.m */ = {isa = PBXFileReference; lastKnownFileType = sourcecode.c.objc; path = ViewController.m; sourceTree = "<group>"; };
		7C1C06CD240D3A9E00D1AEDC /* Assets.xcassets */ = {isa = PBXFileReference; lastKnownFileType = folder.assetcatalog; path = Assets.xcassets; sourceTree = "<group>"; };
		7C1C06D0240D3A9E00D1AEDC /* Base */ = {isa = PBXFileReference; lastKnownFileType = file.storyboard; name = Base; path = Base.lproj/LaunchScreen.storyboard; sourceTree = "<group>"; };
		7C1C06D2240D3A9E00D1AEDC /* Info.plist */ = {isa = PBXFileReference; lastKnownFileType = text.plist.xml; path = Info.plist; sourceTree = "<group>"; };
		7C1C06D3240D3A9E00D1AEDC /* main.m */ = {isa = PBXFileReference; lastKnownFileType = sourcecode.c.objc; path = main.m; sourceTree = "<group>"; };
		7C1C06DC240D3C6D00D1AEDC /* ClassRoute.h */ = {isa = PBXFileReference; lastKnownFileType = sourcecode.c.h; path = ClassRoute.h; sourceTree = "<group>"; };
		7C1C06DD240D3C6D00D1AEDC /* ClassRoute.m */ = {isa = PBXFileReference; lastKnownFileType = sourcecode.c.objc; path = ClassRoute.m; sourceTree = "<group>"; };
/* End PBXFileReference section */

/* Begin PBXFrameworksBuildPhase section */
		7C1C06BE240D3A9D00D1AEDC /* Frameworks */ = {
			isa = PBXFrameworksBuildPhase;
			buildActionMask = 2147483647;
			files = (
			);
			runOnlyForDeploymentPostprocessing = 0;
		};
/* End PBXFrameworksBuildPhase section */

/* Begin PBXGroup section */
		262F786E243C7A8C004D96F7 /* GetException */ = {
			isa = PBXGroup;
			children = (
			);
			path = GetException;
			sourceTree = "<group>";
		};
		2680681F240DDCF900A64D66 /* DebugView */ = {
			isa = PBXGroup;
			children = (
				26806820240DDCF900A64D66 /* DebugText.m */,
				26806821240DDCF900A64D66 /* DebugText.h */,
				26806823240DDD0B00A64D66 /* DebugView.h */,
				26806824240DDD0B00A64D66 /* DebugView.m */,
			);
			path = DebugView;
			sourceTree = "<group>";
		};
		26806826240DF5D700A64D66 /* data */ = {
			isa = PBXGroup;
			children = (
				26806827240DF5ED00A64D66 /* dispatch.plist */,
			);
			path = data;
			sourceTree = "<group>";
		};
		26BF35312441BD3100098A86 /* ClientManage */ = {
			isa = PBXGroup;
			children = (
				26BF35322441BD3D00098A86 /* ClientManager.h */,
				26BF35332441BD3D00098A86 /* ClientManager.m */,
			);
			path = ClientManage;
			sourceTree = "<group>";
		};
		7C1C06B8240D3A9D00D1AEDC = {
			isa = PBXGroup;
			children = (
				7C1C06C3240D3A9D00D1AEDC /* MissionClass */,
				7C1C06C2240D3A9D00D1AEDC /* Products */,
			);
			sourceTree = "<group>";
		};
		7C1C06C2240D3A9D00D1AEDC /* Products */ = {
			isa = PBXGroup;
			children = (
				7C1C06C1240D3A9D00D1AEDC /* MissionClass.app */,
			);
			name = Products;
			sourceTree = "<group>";
		};
		7C1C06C3240D3A9D00D1AEDC /* MissionClass */ = {
			isa = PBXGroup;
			children = (
				26806826240DF5D700A64D66 /* data */,
				7C1C06DB240D3C5D00D1AEDC /* class */,
				7C1C06DA240D3C5D00D1AEDC /* util */,
				7C1C06C4240D3A9D00D1AEDC /* AppDelegate.h */,
				7C1C06C5240D3A9D00D1AEDC /* AppDelegate.m */,
				7C1C06C7240D3A9D00D1AEDC /* ViewController.h */,
				7C1C06C8240D3A9D00D1AEDC /* ViewController.m */,
				7C1C06CD240D3A9E00D1AEDC /* Assets.xcassets */,
				7C1C06CF240D3A9E00D1AEDC /* LaunchScreen.storyboard */,
				7C1C06D2240D3A9E00D1AEDC /* Info.plist */,
				7C1C06D3240D3A9E00D1AEDC /* main.m */,
			);
			path = MissionClass;
			sourceTree = "<group>";
		};
		7C1C06DA240D3C5D00D1AEDC /* util */ = {
			isa = PBXGroup;
			children = (
				26BF35312441BD3100098A86 /* ClientManage */,
				262F786E243C7A8C004D96F7 /* GetException */,
				2680681F240DDCF900A64D66 /* DebugView */,
				7C1C06DC240D3C6D00D1AEDC /* ClassRoute.h */,
				7C1C06DD240D3C6D00D1AEDC /* ClassRoute.m */,
				26806829240DFAA300A64D66 /* ConsumingTimes.h */,
				2680682A240DFAA300A64D66 /* ConsumingTimes.m */,
				262F7885243F152A004D96F7 /* TestBlock.h */,
				262F7886243F152A004D96F7 /* TestBlock.m */,
				262F788E243F1EC6004D96F7 /* TestBlock.cpp */,
				262F7872243D57C8004D96F7 /* TestObj.h */,
				262F7873243D57C8004D96F7 /* TestObj.mm */,
				262F7882243EC85B004D96F7 /* TestObj.mii */,
				262F7875243D5818004D96F7 /* TestObj.cpp */,
				262F7876243D5A57004D96F7 /* TestObj1.cpp */,
				262F7877243D5AF2004D96F7 /* TestObj2.cpp */,
				262F7878243D6EFF004D96F7 /* TestObj3.cpp */,
				262F7879243D6F92004D96F7 /* TestObj4.cpp */,
			);
			path = util;
			sourceTree = "<group>";
		};
		7C1C06DB240D3C5D00D1AEDC /* class */ = {
			isa = PBXGroup;
			children = (
				2680682F240F98D300A64D66 /* MissionClassDispatch.h */,
				2680682E240F98D300A64D66 /* MissionClassDispatch.mm */,
				26806831240F991A00A64D66 /* MissionClassDispatchBug.h */,
				26806832240F991A00A64D66 /* MissionClassDispatchBug.mm */,
				2678968A2415CA8800755972 /* MissionClassDispatch.swift */,
				2678968C2415CAB900755972 /* MissionClass-Bridging-Header.h */,
				262F786B243C7A45004D96F7 /* MethodViewController.h */,
				262F786C243C7A45004D96F7 /* MethodViewController.m */,
				26BF35352441BDBB00098A86 /* ClientViewController.h */,
				26BF35362441BDBB00098A86 /* ClientViewController.m */,
				26BF35372441BDBB00098A86 /* ClientViewController.xib */,
				26BCA72624458F22000956B3 /* ClientListViewController.h */,
				26BCA72724458F22000956B3 /* ClientListViewController.m */,
			);
			path = class;
			sourceTree = "<group>";
		};
/* End PBXGroup section */

/* Begin PBXNativeTarget section */
		7C1C06C0240D3A9D00D1AEDC /* MissionClass */ = {
			isa = PBXNativeTarget;
			buildConfigurationList = 7C1C06D7240D3A9E00D1AEDC /* Build configuration list for PBXNativeTarget "MissionClass" */;
			buildPhases = (
				7C1C06BD240D3A9D00D1AEDC /* Sources */,
				7C1C06BE240D3A9D00D1AEDC /* Frameworks */,
				7C1C06BF240D3A9D00D1AEDC /* Resources */,
			);
			buildRules = (
			);
			dependencies = (
			);
			name = MissionClass;
			productName = MissionClass;
			productReference = 7C1C06C1240D3A9D00D1AEDC /* MissionClass.app */;
			productType = "com.apple.product-type.application";
		};
/* End PBXNativeTarget section */

/* Begin PBXProject section */
		7C1C06B9240D3A9D00D1AEDC /* Project object */ = {
			isa = PBXProject;
			attributes = {
				LastUpgradeCheck = 1020;
				ORGANIZATIONNAME = notblock;
				TargetAttributes = {
					7C1C06C0240D3A9D00D1AEDC = {
						CreatedOnToolsVersion = 10.2;
						LastSwiftMigration = 1030;
					};
				};
			};
			buildConfigurationList = 7C1C06BC240D3A9D00D1AEDC /* Build configuration list for PBXProject "MissionClass" */;
			compatibilityVersion = "Xcode 9.3";
			developmentRegion = en;
			hasScannedForEncodings = 0;
			knownRegions = (
				en,
				Base,
			);
			mainGroup = 7C1C06B8240D3A9D00D1AEDC;
			productRefGroup = 7C1C06C2240D3A9D00D1AEDC /* Products */;
			projectDirPath = "";
			projectRoot = "";
			targets = (
				7C1C06C0240D3A9D00D1AEDC /* MissionClass */,
			);
		};
/* End PBXProject section */

/* Begin PBXResourcesBuildPhase section */
		7C1C06BF240D3A9D00D1AEDC /* Resources */ = {
			isa = PBXResourcesBuildPhase;
			buildActionMask = 2147483647;
			files = (
				7C1C06D1240D3A9E00D1AEDC /* LaunchScreen.storyboard in Resources */,
				26806828240DF5ED00A64D66 /* dispatch.plist in Resources */,
				7C1C06CE240D3A9E00D1AEDC /* Assets.xcassets in Resources */,
				26BF35392441BDBB00098A86 /* ClientViewController.xib in Resources */,
			);
			runOnlyForDeploymentPostprocessing = 0;
		};
/* End PBXResourcesBuildPhase section */

/* Begin PBXSourcesBuildPhase section */
		7C1C06BD240D3A9D00D1AEDC /* Sources */ = {
			isa = PBXSourcesBuildPhase;
			buildActionMask = 2147483647;
			files = (
				2680682B240DFAA300A64D66 /* ConsumingTimes.m in Sources */,
				26806825240DDD0B00A64D66 /* DebugView.m in Sources */,
				7C1C06DE240D3C6D00D1AEDC /* ClassRoute.m in Sources */,
				262F786D243C7A45004D96F7 /* MethodViewController.m in Sources */,
				262F7887243F152A004D96F7 /* TestBlock.m in Sources */,
				2678968B2415CA8800755972 /* MissionClassDispatch.swift in Sources */,
				7C1C06C9240D3A9D00D1AEDC /* ViewController.m in Sources */,
				7C1C06D4240D3A9E00D1AEDC /* main.m in Sources */,
				26806822240DDCF900A64D66 /* DebugText.m in Sources */,
				26806833240F991A00A64D66 /* MissionClassDispatchBug.mm in Sources */,
				26BF35342441BD3D00098A86 /* ClientManager.m in Sources */,
				262F7874243D57C8004D96F7 /* TestObj.mm in Sources */,
				7C1C06C6240D3A9D00D1AEDC /* AppDelegate.m in Sources */,
				26806830240F98D300A64D66 /* MissionClassDispatch.mm in Sources */,
				26BF35382441BDBB00098A86 /* ClientViewController.m in Sources */,
				26BCA72824458F22000956B3 /* ClientListViewController.m in Sources */,
			);
			runOnlyForDeploymentPostprocessing = 0;
		};
/* End PBXSourcesBuildPhase section */

/* Begin PBXVariantGroup section */
		7C1C06CF240D3A9E00D1AEDC /* LaunchScreen.storyboard */ = {
			isa = PBXVariantGroup;
			children = (
				7C1C06D0240D3A9E00D1AEDC /* Base */,
			);
			name = LaunchScreen.storyboard;
			sourceTree = "<group>";
		};
/* End PBXVariantGroup section */

/* Begin XCBuildConfiguration section */
		7C1C06D5240D3A9E00D1AEDC /* Debug */ = {
			isa = XCBuildConfiguration;
			buildSettings = {
				ALWAYS_SEARCH_USER_PATHS = NO;
				CLANG_ANALYZER_NONNULL = YES;
				CLANG_ANALYZER_NUMBER_OBJECT_CONVERSION = YES_AGGRESSIVE;
				CLANG_CXX_LANGUAGE_STANDARD = "gnu++14";
				CLANG_CXX_LIBRARY = "libc++";
				CLANG_ENABLE_MODULES = YES;
				CLANG_ENABLE_OBJC_ARC = YES;
				CLANG_ENABLE_OBJC_WEAK = YES;
				CLANG_WARN_BLOCK_CAPTURE_AUTORELEASING = YES;
				CLANG_WARN_BOOL_CONVERSION = YES;
				CLANG_WARN_COMMA = YES;
				CLANG_WARN_CONSTANT_CONVERSION = YES;
				CLANG_WARN_DEPRECATED_OBJC_IMPLEMENTATIONS = YES;
				CLANG_WARN_DIRECT_OBJC_ISA_USAGE = YES_ERROR;
				CLANG_WARN_DOCUMENTATION_COMMENTS = YES;
				CLANG_WARN_EMPTY_BODY = YES;
				CLANG_WARN_ENUM_CONVERSION = YES;
				CLANG_WARN_INFINITE_RECURSION = YES;
				CLANG_WARN_INT_CONVERSION = YES;
				CLANG_WARN_NON_LITERAL_NULL_CONVERSION = YES;
				CLANG_WARN_OBJC_IMPLICIT_RETAIN_SELF = YES;
				CLANG_WARN_OBJC_LITERAL_CONVERSION = YES;
				CLANG_WARN_OBJC_ROOT_CLASS = YES_ERROR;
				CLANG_WARN_RANGE_LOOP_ANALYSIS = YES;
				CLANG_WARN_STRICT_PROTOTYPES = YES;
				CLANG_WARN_SUSPICIOUS_MOVE = YES;
				CLANG_WARN_UNGUARDED_AVAILABILITY = YES_AGGRESSIVE;
				CLANG_WARN_UNREACHABLE_CODE = YES;
				CLANG_WARN__DUPLICATE_METHOD_MATCH = YES;
				CODE_SIGN_IDENTITY = "iPhone Developer";
				COPY_PHASE_STRIP = NO;
				DEBUG_INFORMATION_FORMAT = dwarf;
				ENABLE_STRICT_OBJC_MSGSEND = YES;
				ENABLE_TESTABILITY = YES;
				GCC_C_LANGUAGE_STANDARD = gnu11;
				GCC_DYNAMIC_NO_PIC = NO;
				GCC_NO_COMMON_BLOCKS = YES;
				GCC_OPTIMIZATION_LEVEL = 0;
				GCC_PREPROCESSOR_DEFINITIONS = (
					"DEBUG=1",
					"$(inherited)",
				);
				GCC_WARN_64_TO_32_BIT_CONVERSION = YES;
				GCC_WARN_ABOUT_RETURN_TYPE = YES_ERROR;
				GCC_WARN_UNDECLARED_SELECTOR = YES;
				GCC_WARN_UNINITIALIZED_AUTOS = YES_AGGRESSIVE;
				GCC_WARN_UNUSED_FUNCTION = YES;
				GCC_WARN_UNUSED_VARIABLE = YES;
				IPHONEOS_DEPLOYMENT_TARGET = 9.0;
				MTL_ENABLE_DEBUG_INFO = INCLUDE_SOURCE;
				MTL_FAST_MATH = YES;
				ONLY_ACTIVE_ARCH = YES;
				SDKROOT = iphoneos;
			};
			name = Debug;
		};
		7C1C06D6240D3A9E00D1AEDC /* Release */ = {
			isa = XCBuildConfiguration;
			buildSettings = {
				ALWAYS_SEARCH_USER_PATHS = NO;
				CLANG_ANALYZER_NONNULL = YES;
				CLANG_ANALYZER_NUMBER_OBJECT_CONVERSION = YES_AGGRESSIVE;
				CLANG_CXX_LANGUAGE_STANDARD = "gnu++14";
				CLANG_CXX_LIBRARY = "libc++";
				CLANG_ENABLE_MODULES = YES;
				CLANG_ENABLE_OBJC_ARC = YES;
				CLANG_ENABLE_OBJC_WEAK = YES;
				CLANG_WARN_BLOCK_CAPTURE_AUTORELEASING = YES;
				CLANG_WARN_BOOL_CONVERSION = YES;
				CLANG_WARN_COMMA = YES;
				CLANG_WARN_CONSTANT_CONVERSION = YES;
				CLANG_WARN_DEPRECATED_OBJC_IMPLEMENTATIONS = YES;
				CLANG_WARN_DIRECT_OBJC_ISA_USAGE = YES_ERROR;
				CLANG_WARN_DOCUMENTATION_COMMENTS = YES;
				CLANG_WARN_EMPTY_BODY = YES;
				CLANG_WARN_ENUM_CONVERSION = YES;
				CLANG_WARN_INFINITE_RECURSION = YES;
				CLANG_WARN_INT_CONVERSION = YES;
				CLANG_WARN_NON_LITERAL_NULL_CONVERSION = YES;
				CLANG_WARN_OBJC_IMPLICIT_RETAIN_SELF = YES;
				CLANG_WARN_OBJC_LITERAL_CONVERSION = YES;
				CLANG_WARN_OBJC_ROOT_CLASS = YES_ERROR;
				CLANG_WARN_RANGE_LOOP_ANALYSIS = YES;
				CLANG_WARN_STRICT_PROTOTYPES = YES;
				CLANG_WARN_SUSPICIOUS_MOVE = YES;
				CLANG_WARN_UNGUARDED_AVAILABILITY = YES_AGGRESSIVE;
				CLANG_WARN_UNREACHABLE_CODE = YES;
				CLANG_WARN__DUPLICATE_METHOD_MATCH = YES;
				CODE_SIGN_IDENTITY = "iPhone Developer";
				COPY_PHASE_STRIP = NO;
				DEBUG_INFORMATION_FORMAT = "dwarf-with-dsym";
				ENABLE_NS_ASSERTIONS = NO;
				ENABLE_STRICT_OBJC_MSGSEND = YES;
				GCC_C_LANGUAGE_STANDARD = gnu11;
				GCC_NO_COMMON_BLOCKS = YES;
				GCC_WARN_64_TO_32_BIT_CONVERSION = YES;
				GCC_WARN_ABOUT_RETURN_TYPE = YES_ERROR;
				GCC_WARN_UNDECLARED_SELECTOR = YES;
				GCC_WARN_UNINITIALIZED_AUTOS = YES_AGGRESSIVE;
				GCC_WARN_UNUSED_FUNCTION = YES;
				GCC_WARN_UNUSED_VARIABLE = YES;
				IPHONEOS_DEPLOYMENT_TARGET = 9.0;
				MTL_ENABLE_DEBUG_INFO = NO;
				MTL_FAST_MATH = YES;
				SDKROOT = iphoneos;
				VALIDATE_PRODUCT = YES;
			};
			name = Release;
		};
		7C1C06D8240D3A9E00D1AEDC /* Debug */ = {
			isa = XCBuildConfiguration;
			buildSettings = {
				ASSETCATALOG_COMPILER_APPICON_NAME = AppIcon;
				CLANG_ENABLE_MODULES = YES;
				CODE_SIGN_STYLE = Automatic;
				DEVELOPMENT_TEAM = 7AB2Q2H5VR;
				GCC_C_LANGUAGE_STANDARD = gnu11;
				INFOPLIST_FILE = MissionClass/Info.plist;
				LD_RUNPATH_SEARCH_PATHS = (
					"$(inherited)",
					"@executable_path/Frameworks",
				);
				PRODUCT_BUNDLE_IDENTIFIER = com.notblock.MissionClass;
				PRODUCT_NAME = "$(TARGET_NAME)";
				SWIFT_OBJC_BRIDGING_HEADER = "MissionClass/class/MissionClass-Bridging-Header.h";
				SWIFT_OPTIMIZATION_LEVEL = "-Onone";
				SWIFT_VERSION = 5.0;
				TARGETED_DEVICE_FAMILY = "1,2";
			};
			name = Debug;
		};
		7C1C06D9240D3A9E00D1AEDC /* Release */ = {
			isa = XCBuildConfiguration;
			buildSettings = {
				ASSETCATALOG_COMPILER_APPICON_NAME = AppIcon;
				CLANG_ENABLE_MODULES = YES;
				CODE_SIGN_STYLE = Automatic;
				DEVELOPMENT_TEAM = 7AB2Q2H5VR;
				GCC_C_LANGUAGE_STANDARD = gnu11;
				INFOPLIST_FILE = MissionClass/Info.plist;
				LD_RUNPATH_SEARCH_PATHS = (
					"$(inherited)",
					"@executable_path/Frameworks",
				);
				PRODUCT_BUNDLE_IDENTIFIER = com.notblock.MissionClass;
				PRODUCT_NAME = "$(TARGET_NAME)";
				SWIFT_OBJC_BRIDGING_HEADER = "MissionClass/class/MissionClass-Bridging-Header.h";
				SWIFT_VERSION = 5.0;
				TARGETED_DEVICE_FAMILY = "1,2";
			};
			name = Release;
		};
/* End XCBuildConfiguration section */

/* Begin XCConfigurationList section */
		7C1C06BC240D3A9D00D1AEDC /* Build configuration list for PBXProject "MissionClass" */ = {
			isa = XCConfigurationList;
			buildConfigurations = (
				7C1C06D5240D3A9E00D1AEDC /* Debug */,
				7C1C06D6240D3A9E00D1AEDC /* Release */,
			);
			defaultConfigurationIsVisible = 0;
			defaultConfigurationName = Release;
		};
		7C1C06D7240D3A9E00D1AEDC /* Build configuration list for PBXNativeTarget "MissionClass" */ = {
			isa = XCConfigurationList;
			buildConfigurations = (
				7C1C06D8240D3A9E00D1AEDC /* Debug */,
				7C1C06D9240D3A9E00D1AEDC /* Release */,
			);
			defaultConfigurationIsVisible = 0;
			defaultConfigurationName = Release;
		};
/* End XCConfigurationList section */
	};
	rootObject = 7C1C06B9240D3A9D00D1AEDC /* Project object */;
}
